Microsoft Visual Studio Solution File, Format Version 9.00
# Visual Studio 2005
Project("{FAE04EC0-301F-11D3-BF4B-00C04F79EFBC}") = "ScrollTreeList", "ScrollTreeList.csproj", "{3A376247-EB05-4B8B-ACC4-38D3BC6D6CBE}"
	ProjectSection(WebsiteProperties) = preProject
		Debug.AspNetCompiler.Debug = "True"
		Release.AspNetCompiler.Debug = "False"
	EndProjectSection
EndProject
Global
	GlobalSection(SolutionConfigurationPlatforms) = preSolution
		Debug|Any CPU = Debug|Any CPU
		Release|Any CPU = Release|Any CPU
	EndGlobalSection
	GlobalSection(ProjectConfigurationPlatforms) = postSolution
		{3A376247-EB05-4B8B-ACC4-38D3BC6D6CBE}.Debug|Any CPU.ActiveCfg = Debug|Any CPU
		{3A376247-EB05-4B8B-ACC4-38D3BC6D6CBE}.Debug|Any CPU.Build.0 = Debug|Any CPU
		{3A376247-EB05-4B8B-ACC4-38D3BC6D6CBE}.Release|Any CPU.ActiveCfg = Release|Any CPU
		{3A376247-EB05-4B8B-ACC4-38D3BC6D6CBE}.Release|Any CPU.Build.0 = Release|Any CPU
	EndGlobalSection
	GlobalSection(SolutionProperties) = preSolution
		HideSolutionNode = FALSE
	EndGlobalSection
EndGlobal
